
Microsoft Visual Studio Solution File, Format Version 12.00
# Visual Studio Version 17
VisualStudioVersion = 17.7.34031.279
MinimumVisualStudioVersion = 10.0.40219.1
Project("{FAE04EC0-301F-11D3-BF4B-00C04F79EFBC}") = "LINQTut03.Shared", "LINQTut03.Shared\LINQTut03.Shared.csproj", "{7C72B3E2-5556-48DB-BB7D-0913247D11AB}"
EndProject
Project("{FAE04EC0-301F-11D3-BF4B-00C04F79EFBC}") = "LINQTut03.Ex01", "LINQTut03.Ex01\LINQTut03.Ex01.csproj", "{DDFDF4AA-2B34-4353-95C1-E0F6B26DE4C4}"
EndProject
Project("{FAE04EC0-301F-11D3-BF4B-00C04F79EFBC}") = "LINQTut03.Ex02", "LINQTut03.Ex02\LINQTut03.Ex02.csproj", "{5D6374F1-B768-40B0-BAB0-F21B4DD4F7C4}"
EndProject
Project("{FAE04EC0-301F-11D3-BF4B-00C04F79EFBC}") = "LINQTut03.Ex03", "LINQTut03.Ex03\LINQTut03.Ex03.csproj", "{D487161C-0143-4CEC-AEAA-035307651030}"
EndProject
Project("{FAE04EC0-301F-11D3-BF4B-00C04F79EFBC}") = "LINQTut03.Ex04", "LINQTut03.Ex04\LINQTut03.Ex04.csproj", "{B0F8511E-CA42-4199-92A0-660F820AA233}"
EndProject
Global
	GlobalSection(SolutionConfigurationPlatforms) = preSolution
		Debug|Any CPU = Debug|Any CPU
		Release|Any CPU = Release|Any CPU
	EndGlobalSection
	GlobalSection(ProjectConfigurationPlatforms) = postSolution
		{7C72B3E2-5556-48DB-BB7D-0913247D11AB}.Debug|Any CPU.ActiveCfg = Debug|Any CPU
		{7C72B3E2-5556-48DB-BB7D-0913247D11AB}.Debug|Any CPU.Build.0 = Debug|Any CPU
		{7C72B3E2-5556-48DB-BB7D-0913247D11AB}.Release|Any CPU.ActiveCfg = Release|Any CPU
		{7C72B3E2-5556-48DB-BB7D-0913247D11AB}.Release|Any CPU.Build.0 = Release|Any CPU
		{DDFDF4AA-2B34-4353-95C1-E0F6B26DE4C4}.Debug|Any CPU.ActiveCfg = Debug|Any CPU
		{DDFDF4AA-2B34-4353-95C1-E0F6B26DE4C4}.Debug|Any CPU.Build.0 = Debug|Any CPU
		{DDFDF4AA-2B34-4353-95C1-E0F6B26DE4C4}.Release|Any CPU.ActiveCfg = Release|Any CPU
		{DDFDF4AA-2B34-4353-95C1-E0F6B26DE4C4}.Release|Any CPU.Build.0 = Release|Any CPU
		{5D6374F1-B768-40B0-BAB0-F21B4DD4F7C4}.Debug|Any CPU.ActiveCfg = Debug|Any CPU
		{5D6374F1-B768-40B0-BAB0-F21B4DD4F7C4}.Debug|Any CPU.Build.0 = Debug|Any CPU
		{5D6374F1-B768-40B0-BAB0-F21B4DD4F7C4}.Release|Any CPU.ActiveCfg = Release|Any CPU
		{5D6374F1-B768-40B0-BAB0-F21B4DD4F7C4}.Release|Any CPU.Build.0 = Release|Any CPU
		{D487161C-0143-4CEC-AEAA-035307651030}.Debug|Any CPU.ActiveCfg = Debug|Any CPU
		{D487161C-0143-4CEC-AEAA-035307651030}.Debug|Any CPU.Build.0 = Debug|Any CPU
		{D487161C-0143-4CEC-AEAA-035307651030}.Release|Any CPU.ActiveCfg = Release|Any CPU
		{D487161C-0143-4CEC-AEAA-035307651030}.Release|Any CPU.Build.0 = Release|Any CPU
		{B0F8511E-CA42-4199-92A0-660F820AA233}.Debug|Any CPU.ActiveCfg = Debug|Any CPU
		{B0F8511E-CA42-4199-92A0-660F820AA233}.Debug|Any CPU.Build.0 = Debug|Any CPU
		{B0F8511E-CA42-4199-92A0-660F820AA233}.Release|Any CPU.ActiveCfg = Release|Any CPU
		{B0F8511E-CA42-4199-92A0-660F820AA233}.Release|Any CPU.Build.0 = Release|Any CPU
	EndGlobalSection
	GlobalSection(SolutionProperties) = preSolution
		HideSolutionNode = FALSE
	EndGlobalSection
	GlobalSection(ExtensibilityGlobals) = postSolution
		SolutionGuid = {C61EB285-59C3-4F17-B54D-BB5B1EAB0C1B}
	EndGlobalSection
EndGlobal
